
Microsoft Visual Studio Solution File, Format Version 12.00
# Visual Studio Version 17
VisualStudioVersion = 17.2.32427.441
MinimumVisualStudioVersion = 10.0.40219.1
Project("{9A19103F-16F7-4668-BE54-9A1E7A4F7556}") = "WatchVideoAPI", "WatchVideoAPI\WatchVideoAPI.csproj", "{A38269A5-1FB9-46E6-B5CC-2522E2CE1999}"
EndProject
Project("{FAE04EC0-301F-11D3-BF4B-00C04F79EFBC}") = "WatchVideoAPI.Test", "WatchVideoAPI.Test\WatchVideoAPI.Test.csproj", "{F2B4232E-BDFD-4C40-9367-D5237DF304D7}"
EndProject
Global
	GlobalSection(SolutionConfigurationPlatforms) = preSolution
		Debug|Any CPU = Debug|Any CPU
		Release|Any CPU = Release|Any CPU
	EndGlobalSection
	GlobalSection(ProjectConfigurationPlatforms) = postSolution
		{A38269A5-1FB9-46E6-B5CC-2522E2CE1999}.Debug|Any CPU.ActiveCfg = Debug|Any CPU
		{A38269A5-1FB9-46E6-B5CC-2522E2CE1999}.Debug|Any CPU.Build.0 = Debug|Any CPU
		{A38269A5-1FB9-46E6-B5CC-2522E2CE1999}.Release|Any CPU.ActiveCfg = Release|Any CPU
		{A38269A5-1FB9-46E6-B5CC-2522E2CE1999}.Release|Any CPU.Build.0 = Release|Any CPU
		{F2B4232E-BDFD-4C40-9367-D5237DF304D7}.Debug|Any CPU.ActiveCfg = Debug|Any CPU
		{F2B4232E-BDFD-4C40-9367-D5237DF304D7}.Debug|Any CPU.Build.0 = Debug|Any CPU
		{F2B4232E-BDFD-4C40-9367-D5237DF304D7}.Release|Any CPU.ActiveCfg = Release|Any CPU
		{F2B4232E-BDFD-4C40-9367-D5237DF304D7}.Release|Any CPU.Build.0 = Release|Any CPU
	EndGlobalSection
	GlobalSection(SolutionProperties) = preSolution
		HideSolutionNode = FALSE
	EndGlobalSection
	GlobalSection(ExtensibilityGlobals) = postSolution
		SolutionGuid = {636524E7-3EB4-4623-8980-78F8BA83E401}
	EndGlobalSection
EndGlobal
